
Microsoft Visual Studio Solution File, Format Version 12.00
# Visual Studio Version 17
VisualStudioVersion = 17.13.35919.96
MinimumVisualStudioVersion = 10.0.40219.1
Project("{FAE04EC0-301F-11D3-BF4B-00C04F79EFBC}") = "Diagram", "Diagram\Diagram.csproj", "{8AB6253E-9576-4FA4-9C84-59D64F085EAC}"
EndProject
Project("{FAE04EC0-301F-11D3-BF4B-00C04F79EFBC}") = "Entity", "Entity\Entity.csproj", "{DFA7CB2F-5B10-4545-A6F4-64E05D78F963}"
EndProject
Project("{FAE04EC0-301F-11D3-BF4B-00C04F79EFBC}") = "Data", "Data\Data.csproj", "{96FDDD67-5084-44A6-A977-F7945B451786}"
EndProject
Project("{FAE04EC0-301F-11D3-BF4B-00C04F79EFBC}") = "Bussiness", "Bussiness\Bussiness.csproj", "{FD76B8C5-6663-40C3-B967-525E6DACDDB1}"
EndProject
Project("{FAE04EC0-301F-11D3-BF4B-00C04F79EFBC}") = "Utilities", "Utilities\Utilities.csproj", "{6C9A8030-C4BD-4F57-9700-DEAF26BEC387}"
EndProject
Global
	GlobalSection(SolutionConfigurationPlatforms) = preSolution
		Debug|Any CPU = Debug|Any CPU
		Release|Any CPU = Release|Any CPU
	EndGlobalSection
	GlobalSection(ProjectConfigurationPlatforms) = postSolution
		{8AB6253E-9576-4FA4-9C84-59D64F085EAC}.Debug|Any CPU.ActiveCfg = Debug|Any CPU
		{8AB6253E-9576-4FA4-9C84-59D64F085EAC}.Debug|Any CPU.Build.0 = Debug|Any CPU
		{8AB6253E-9576-4FA4-9C84-59D64F085EAC}.Release|Any CPU.ActiveCfg = Release|Any CPU
		{8AB6253E-9576-4FA4-9C84-59D64F085EAC}.Release|Any CPU.Build.0 = Release|Any CPU
		{DFA7CB2F-5B10-4545-A6F4-64E05D78F963}.Debug|Any CPU.ActiveCfg = Debug|Any CPU
		{DFA7CB2F-5B10-4545-A6F4-64E05D78F963}.Debug|Any CPU.Build.0 = Debug|Any CPU
		{DFA7CB2F-5B10-4545-A6F4-64E05D78F963}.Release|Any CPU.ActiveCfg = Release|Any CPU
		{DFA7CB2F-5B10-4545-A6F4-64E05D78F963}.Release|Any CPU.Build.0 = Release|Any CPU
		{96FDDD67-5084-44A6-A977-F7945B451786}.Debug|Any CPU.ActiveCfg = Debug|Any CPU
		{96FDDD67-5084-44A6-A977-F7945B451786}.Debug|Any CPU.Build.0 = Debug|Any CPU
		{96FDDD67-5084-44A6-A977-F7945B451786}.Release|Any CPU.ActiveCfg = Release|Any CPU
		{96FDDD67-5084-44A6-A977-F7945B451786}.Release|Any CPU.Build.0 = Release|Any CPU
		{FD76B8C5-6663-40C3-B967-525E6DACDDB1}.Debug|Any CPU.ActiveCfg = Debug|Any CPU
		{FD76B8C5-6663-40C3-B967-525E6DACDDB1}.Debug|Any CPU.Build.0 = Debug|Any CPU
		{FD76B8C5-6663-40C3-B967-525E6DACDDB1}.Release|Any CPU.ActiveCfg = Release|Any CPU
		{FD76B8C5-6663-40C3-B967-525E6DACDDB1}.Release|Any CPU.Build.0 = Release|Any CPU
		{6C9A8030-C4BD-4F57-9700-DEAF26BEC387}.Debug|Any CPU.ActiveCfg = Debug|Any CPU
		{6C9A8030-C4BD-4F57-9700-DEAF26BEC387}.Debug|Any CPU.Build.0 = Debug|Any CPU
		{6C9A8030-C4BD-4F57-9700-DEAF26BEC387}.Release|Any CPU.ActiveCfg = Release|Any CPU
		{6C9A8030-C4BD-4F57-9700-DEAF26BEC387}.Release|Any CPU.Build.0 = Release|Any CPU
	EndGlobalSection
	GlobalSection(SolutionProperties) = preSolution
		HideSolutionNode = FALSE
	EndGlobalSection
	GlobalSection(ExtensibilityGlobals) = postSolution
		SolutionGuid = {8C6A640F-78C8-4C8F-873C-F36A4B2955AA}
	EndGlobalSection
EndGlobal
